// !$*UTF8*$!
{
	archiveVersion = 1;
	classes = {
	};
	objectVersion = 46;
	objects = {

/* Begin PBXBuildFile section */
		2201E2A71D860BC100D1B364 /* Material.cpp in Sources */ = {isa = PBXBuildFile; fileRef = 2201E2A51D860BC100D1B364 /* Material.cpp */; };
		2201E2AC1D874D2100D1B364 /* ParticleMaterial.cpp in Sources */ = {isa = PBXBuildFile; fileRef = 2201E2AA1D874D2100D1B364 /* ParticleMaterial.cpp */; };
		22066CB01D4BED49004004B6 /* Renderer.cpp in Sources */ = {isa = PBXBuildFile; fileRef = 22066CAE1D4BED49004004B6 /* Renderer.cpp */; };
		22066CB31D4BEDB2004004B6 /* Viewport.cpp in Sources */ = {isa = PBXBuildFile; fileRef = 22066CB11D4BEDB2004004B6 /* Viewport.cpp */; };
		223AE47B1D6A5F520071002A /* ParticleScene.cpp in Sources */ = {isa = PBXBuildFile; fileRef = 223AE4791D6A5F4A0071002A /* ParticleScene.cpp */; };
		227393051D49433B00A3932B /* OpenGL.framework in Frameworks */ = {isa = PBXBuildFile; fileRef = 227393041D49433B00A3932B /* OpenGL.framework */; };
		227393081D496DDA00A3932B /* ShaderReloader.cpp in Sources */ = {isa = PBXBuildFile; fileRef = 227393061D496DDA00A3932B /* ShaderReloader.cpp */; };
		22787A6B1D5B7C66004BE000 /* OpenCL.framework in Frameworks */ = {isa = PBXBuildFile; fileRef = 22787A6A1D5B7C66004BE000 /* OpenCL.framework */; };
		22787A6E1D5BC34F004BE000 /* Utility.cpp in Sources */ = {isa = PBXBuildFile; fileRef = 22787A6C1D5BC34F004BE000 /* Utility.cpp */; };
		22A1150F1D43BC8600B20CD1 /* main.cpp in Sources */ = {isa = PBXBuildFile; fileRef = 22A1150E1D43BC8600B20CD1 /* main.cpp */; };
		22A1151D1D43C5A900B20CD1 /* Shader.cpp in Sources */ = {isa = PBXBuildFile; fileRef = 22A1151B1D43C5A900B20CD1 /* Shader.cpp */; };
		22A115291D44E39300B20CD1 /* Mesh.cpp in Sources */ = {isa = PBXBuildFile; fileRef = 22A115271D44E39300B20CD1 /* Mesh.cpp */; };
		22A1152C1D44F57C00B20CD1 /* Camera.cpp in Sources */ = {isa = PBXBuildFile; fileRef = 22A1152A1D44F57C00B20CD1 /* Camera.cpp */; };
		22A1152F1D4527E000B20CD1 /* Object.cpp in Sources */ = {isa = PBXBuildFile; fileRef = 22A1152D1D4527E000B20CD1 /* Object.cpp */; };
		22B422471D8B644300FDC2F9 /* Utility.cpp in Sources */ = {isa = PBXBuildFile; fileRef = 22787A6C1D5BC34F004BE000 /* Utility.cpp */; };
		22B4224C1D8B681E00FDC2F9 /* testsMain.cpp in Sources */ = {isa = PBXBuildFile; fileRef = 22B4224A1D8B681E00FDC2F9 /* testsMain.cpp */; };
		22B4224D1D8B681E00FDC2F9 /* testsUtility.cpp in Sources */ = {isa = PBXBuildFile; fileRef = 22B4224B1D8B681E00FDC2F9 /* testsUtility.cpp */; };
		22FE6D141D58EACE0094F3D9 /* Scene.cpp in Sources */ = {isa = PBXBuildFile; fileRef = 22FE6D121D58EACE0094F3D9 /* Scene.cpp */; };
/* End PBXBuildFile section */

/* Begin PBXBuildRule section */
		22A115201D43D64100B20CD1 /* PBXBuildRule */ = {
			isa = PBXBuildRule;
			compilerSpec = com.apple.compilers.proxy.script;
			fileType = sourcecode.glsl;
			isEditable = 1;
			outputFiles = (
			);
			script = "";
		};
/* End PBXBuildRule section */

/* Begin PBXContainerItemProxy section */
		22B4223C1D8B5A5000FDC2F9 /* PBXContainerItemProxy */ = {
			isa = PBXContainerItemProxy;
			containerPortal = 22A114FF1D43BBAE00B20CD1 /* Project object */;
			proxyType = 1;
			remoteGlobalIDString = 22B422341D8B5A4300FDC2F9;
			remoteInfo = OpenGLTestCases;
		};
/* End PBXContainerItemProxy section */

/* Begin PBXCopyFilesBuildPhase section */
		22A115091D43BC8600B20CD1 /* CopyFiles */ = {
			isa = PBXCopyFilesBuildPhase;
			buildActionMask = 12;
			dstPath = "";
			dstSubfolderSpec = 16;
			files = (
			);
			runOnlyForDeploymentPostprocessing = 0;
		};
		22B422331D8B5A4300FDC2F9 /* CopyFiles */ = {
			isa = PBXCopyFilesBuildPhase;
			buildActionMask = 2147483647;
			dstPath = /usr/share/man/man1/;
			dstSubfolderSpec = 0;
			files = (
			);
			runOnlyForDeploymentPostprocessing = 1;
		};
/* End PBXCopyFilesBuildPhase section */

/* Begin PBXFileReference section */
		2201E2A51D860BC100D1B364 /* Material.cpp */ = {isa = PBXFileReference; fileEncoding = 4; lastKnownFileType = sourcecode.cpp.cpp; path = Material.cpp; sourceTree = "<group>"; };
		2201E2A61D860BC100D1B364 /* Material.hpp */ = {isa = PBXFileReference; fileEncoding = 4; lastKnownFileType = sourcecode.cpp.h; path = Material.hpp; sourceTree = "<group>"; };
		2201E2AA1D874D2100D1B364 /* ParticleMaterial.cpp */ = {isa = PBXFileReference; fileEncoding = 4; lastKnownFileType = sourcecode.cpp.cpp; path = ParticleMaterial.cpp; sourceTree = "<group>"; };
		2201E2AB1D874D2100D1B364 /* ParticleMaterial.hpp */ = {isa = PBXFileReference; fileEncoding = 4; lastKnownFileType = sourcecode.cpp.h; path = ParticleMaterial.hpp; sourceTree = "<group>"; };
		22066CAE1D4BED49004004B6 /* Renderer.cpp */ = {isa = PBXFileReference; fileEncoding = 4; lastKnownFileType = sourcecode.cpp.cpp; path = Renderer.cpp; sourceTree = "<group>"; };
		22066CAF1D4BED49004004B6 /* Renderer.hpp */ = {isa = PBXFileReference; fileEncoding = 4; lastKnownFileType = sourcecode.cpp.h; path = Renderer.hpp; sourceTree = "<group>"; };
		22066CB11D4BEDB2004004B6 /* Viewport.cpp */ = {isa = PBXFileReference; fileEncoding = 4; lastKnownFileType = sourcecode.cpp.cpp; path = Viewport.cpp; sourceTree = "<group>"; };
		22066CB21D4BEDB2004004B6 /* Viewport.hpp */ = {isa = PBXFileReference; fileEncoding = 4; lastKnownFileType = sourcecode.cpp.h; path = Viewport.hpp; sourceTree = "<group>"; };
		223AE4791D6A5F4A0071002A /* ParticleScene.cpp */ = {isa = PBXFileReference; lastKnownFileType = sourcecode.cpp.cpp; path = ParticleScene.cpp; sourceTree = "<group>"; };
		223AE47A1D6A5F4A0071002A /* ParticleScene.hpp */ = {isa = PBXFileReference; lastKnownFileType = sourcecode.cpp.h; path = ParticleScene.hpp; sourceTree = "<group>"; };
		227393041D49433B00A3932B /* OpenGL.framework */ = {isa = PBXFileReference; lastKnownFileType = wrapper.framework; name = OpenGL.framework; path = System/Library/Frameworks/OpenGL.framework; sourceTree = SDKROOT; };
		227393061D496DDA00A3932B /* ShaderReloader.cpp */ = {isa = PBXFileReference; fileEncoding = 4; lastKnownFileType = sourcecode.cpp.cpp; path = ShaderReloader.cpp; sourceTree = "<group>"; };
		227393071D496DDA00A3932B /* ShaderReloader.hpp */ = {isa = PBXFileReference; fileEncoding = 4; lastKnownFileType = sourcecode.cpp.h; path = ShaderReloader.hpp; sourceTree = "<group>"; };
		22787A6A1D5B7C66004BE000 /* OpenCL.framework */ = {isa = PBXFileReference; lastKnownFileType = wrapper.framework; name = OpenCL.framework; path = System/Library/Frameworks/OpenCL.framework; sourceTree = SDKROOT; };
		22787A6C1D5BC34F004BE000 /* Utility.cpp */ = {isa = PBXFileReference; fileEncoding = 4; lastKnownFileType = sourcecode.cpp.cpp; path = Utility.cpp; sourceTree = "<group>"; };
		22787A6D1D5BC34F004BE000 /* Utility.hpp */ = {isa = PBXFileReference; fileEncoding = 4; lastKnownFileType = sourcecode.cpp.h; path = Utility.hpp; sourceTree = "<group>"; };
		22A1150B1D43BC8600B20CD1 /* opencl-opengl-examples */ = {isa = PBXFileReference; explicitFileType = "compiled.mach-o.executable"; includeInIndex = 0; path = "opencl-opengl-examples"; sourceTree = BUILT_PRODUCTS_DIR; };
		22A1150E1D43BC8600B20CD1 /* main.cpp */ = {isa = PBXFileReference; lastKnownFileType = sourcecode.cpp.cpp; path = main.cpp; sourceTree = "<group>"; };
		22A1151B1D43C5A900B20CD1 /* Shader.cpp */ = {isa = PBXFileReference; fileEncoding = 4; lastKnownFileType = sourcecode.cpp.cpp; path = Shader.cpp; sourceTree = "<group>"; };
		22A1151C1D43C5A900B20CD1 /* Shader.hpp */ = {isa = PBXFileReference; fileEncoding = 4; lastKnownFileType = sourcecode.cpp.h; path = Shader.hpp; sourceTree = "<group>"; };
		22A115271D44E39300B20CD1 /* Mesh.cpp */ = {isa = PBXFileReference; fileEncoding = 4; lastKnownFileType = sourcecode.cpp.cpp; path = Mesh.cpp; sourceTree = "<group>"; };
		22A115281D44E39300B20CD1 /* Mesh.hpp */ = {isa = PBXFileReference; fileEncoding = 4; lastKnownFileType = sourcecode.cpp.h; path = Mesh.hpp; sourceTree = "<group>"; };
		22A1152A1D44F57C00B20CD1 /* Camera.cpp */ = {isa = PBXFileReference; fileEncoding = 4; lastKnownFileType = sourcecode.cpp.cpp; path = Camera.cpp; sourceTree = "<group>"; };
		22A1152B1D44F57C00B20CD1 /* Camera.hpp */ = {isa = PBXFileReference; fileEncoding = 4; lastKnownFileType = sourcecode.cpp.h; path = Camera.hpp; sourceTree = "<group>"; };
		22A1152D1D4527E000B20CD1 /* Object.cpp */ = {isa = PBXFileReference; fileEncoding = 4; lastKnownFileType = sourcecode.cpp.cpp; path = Object.cpp; sourceTree = "<group>"; };
		22A1152E1D4527E000B20CD1 /* Object.hpp */ = {isa = PBXFileReference; fileEncoding = 4; lastKnownFileType = sourcecode.cpp.h; path = Object.hpp; sourceTree = "<group>"; };
		22B422351D8B5A4300FDC2F9 /* opencl-opengl-examples */ = {isa = PBXFileReference; explicitFileType = "compiled.mach-o.executable"; includeInIndex = 0; path = "opencl-opengl-examples"; sourceTree = BUILT_PRODUCTS_DIR; };
		22B422491D8B681E00FDC2F9 /* catch.hh */ = {isa = PBXFileReference; fileEncoding = 4; lastKnownFileType = sourcecode.cpp.h; path = catch.hh; sourceTree = "<group>"; };
		22B4224A1D8B681E00FDC2F9 /* testsMain.cpp */ = {isa = PBXFileReference; fileEncoding = 4; lastKnownFileType = sourcecode.cpp.cpp; path = testsMain.cpp; sourceTree = "<group>"; };
		22B4224B1D8B681E00FDC2F9 /* testsUtility.cpp */ = {isa = PBXFileReference; fileEncoding = 4; lastKnownFileType = sourcecode.cpp.cpp; path = testsUtility.cpp; sourceTree = "<group>"; };
		22FE6D121D58EACE0094F3D9 /* Scene.cpp */ = {isa = PBXFileReference; fileEncoding = 4; lastKnownFileType = sourcecode.cpp.cpp; path = Scene.cpp; sourceTree = "<group>"; };
		22FE6D131D58EACE0094F3D9 /* Scene.hpp */ = {isa = PBXFileReference; fileEncoding = 4; lastKnownFileType = sourcecode.cpp.h; path = Scene.hpp; sourceTree = "<group>"; };
/* End PBXFileReference section */

/* Begin PBXFrameworksBuildPhase section */
		22A115081D43BC8600B20CD1 /* Frameworks */ = {
			isa = PBXFrameworksBuildPhase;
			buildActionMask = 2147483647;
			files = (
				22787A6B1D5B7C66004BE000 /* OpenCL.framework in Frameworks */,
				227393051D49433B00A3932B /* OpenGL.framework in Frameworks */,
			);
			runOnlyForDeploymentPostprocessing = 0;
		};
		22B422321D8B5A4300FDC2F9 /* Frameworks */ = {
			isa = PBXFrameworksBuildPhase;
			buildActionMask = 2147483647;
			files = (
			);
			runOnlyForDeploymentPostprocessing = 0;
		};
/* End PBXFrameworksBuildPhase section */

/* Begin PBXGroup section */
		223AE4781D6A5F4A0071002A /* Scenes */ = {
			isa = PBXGroup;
			children = (
				223AE4791D6A5F4A0071002A /* ParticleScene.cpp */,
				223AE47A1D6A5F4A0071002A /* ParticleScene.hpp */,
			);
			path = Scenes;
			sourceTree = "<group>";
		};
		22A114FE1D43BBAE00B20CD1 = {
			isa = PBXGroup;
			children = (
				22787A6A1D5B7C66004BE000 /* OpenCL.framework */,
				227393041D49433B00A3932B /* OpenGL.framework */,
				22A1150D1D43BC8600B20CD1 /* opencl-opengl-examples */,
				22B422481D8B681E00FDC2F9 /* opencl-opengl-examples-tests */,
				22A1150C1D43BC8600B20CD1 /* Products */,
			);
			sourceTree = "<group>";
		};
		22A1150C1D43BC8600B20CD1 /* Products */ = {
			isa = PBXGroup;
			children = (
				22A1150B1D43BC8600B20CD1 /* opencl-opengl-examples */,
				22B422351D8B5A4300FDC2F9 /* opencl-opengl-examples */,
			);
			name = Products;
			sourceTree = "<group>";
		};
		22A1150D1D43BC8600B20CD1 /* opencl-opengl-examples */ = {
			isa = PBXGroup;
			children = (
				22A1150E1D43BC8600B20CD1 /* main.cpp */,
				22A1152A1D44F57C00B20CD1 /* Camera.cpp */,
				22A1152B1D44F57C00B20CD1 /* Camera.hpp */,
				2201E2A51D860BC100D1B364 /* Material.cpp */,
				2201E2A61D860BC100D1B364 /* Material.hpp */,
				22A115271D44E39300B20CD1 /* Mesh.cpp */,
				22A115281D44E39300B20CD1 /* Mesh.hpp */,
				223AE4781D6A5F4A0071002A /* Scenes */,
				22A1152D1D4527E000B20CD1 /* Object.cpp */,
				22A1152E1D4527E000B20CD1 /* Object.hpp */,
				2201E2AA1D874D2100D1B364 /* ParticleMaterial.cpp */,
				2201E2AB1D874D2100D1B364 /* ParticleMaterial.hpp */,
				22066CAE1D4BED49004004B6 /* Renderer.cpp */,
				22066CAF1D4BED49004004B6 /* Renderer.hpp */,
				22FE6D121D58EACE0094F3D9 /* Scene.cpp */,
				22FE6D131D58EACE0094F3D9 /* Scene.hpp */,
				22A1151B1D43C5A900B20CD1 /* Shader.cpp */,
				22A1151C1D43C5A900B20CD1 /* Shader.hpp */,
				227393061D496DDA00A3932B /* ShaderReloader.cpp */,
				227393071D496DDA00A3932B /* ShaderReloader.hpp */,
				22787A6C1D5BC34F004BE000 /* Utility.cpp */,
				22787A6D1D5BC34F004BE000 /* Utility.hpp */,
				22066CB11D4BEDB2004004B6 /* Viewport.cpp */,
				22066CB21D4BEDB2004004B6 /* Viewport.hpp */,
			);
			path = "opencl-opengl-examples";
			sourceTree = "<group>";
		};
		22B422481D8B681E00FDC2F9 /* opencl-opengl-examples-tests */ = {
			isa = PBXGroup;
			children = (
				22B422491D8B681E00FDC2F9 /* catch.hh */,
				22B4224A1D8B681E00FDC2F9 /* testsMain.cpp */,
				22B4224B1D8B681E00FDC2F9 /* testsUtility.cpp */,
			);
			path = "opencl-opengl-examples-tests";
			sourceTree = SOURCE_ROOT;
		};
/* End PBXGroup section */

/* Begin PBXNativeTarget section */
		22A1150A1D43BC8600B20CD1 /* opencl-opengl-examples */ = {
			isa = PBXNativeTarget;
			buildConfigurationList = 22A115101D43BC8600B20CD1 /* Build configuration list for PBXNativeTarget "opencl-opengl-examples" */;
			buildPhases = (
				22A115071D43BC8600B20CD1 /* Sources */,
				22A115081D43BC8600B20CD1 /* Frameworks */,
				22A115091D43BC8600B20CD1 /* CopyFiles */,
			);
			buildRules = (
				22A115201D43D64100B20CD1 /* PBXBuildRule */,
			);
			dependencies = (
				22B4223D1D8B5A5000FDC2F9 /* PBXTargetDependency */,
			);
			name = "opencl-opengl-examples";
			productName = OpenGLTest;
			productReference = 22A1150B1D43BC8600B20CD1 /* opencl-opengl-examples */;
			productType = "com.apple.product-type.tool";
		};
		22B422341D8B5A4300FDC2F9 /* opencl-opengl-examplesCases */ = {
			isa = PBXNativeTarget;
			buildConfigurationList = 22B422391D8B5A4300FDC2F9 /* Build configuration list for PBXNativeTarget "opencl-opengl-examplesCases" */;
			buildPhases = (
				22B422311D8B5A4300FDC2F9 /* Sources */,
				22B422321D8B5A4300FDC2F9 /* Frameworks */,
				22B422331D8B5A4300FDC2F9 /* CopyFiles */,
			);
			buildRules = (
			);
			dependencies = (
			);
			name = "opencl-opengl-examplesCases";
			productName = OpenGLTestCases;
			productReference = 22B422351D8B5A4300FDC2F9 /* opencl-opengl-examples */;
			productType = "com.apple.product-type.tool";
		};
/* End PBXNativeTarget section */

/* Begin PBXProject section */
		22A114FF1D43BBAE00B20CD1 /* Project object */ = {
			isa = PBXProject;
			attributes = {
				LastUpgradeCheck = 0730;
				TargetAttributes = {
					22A1150A1D43BC8600B20CD1 = {
						CreatedOnToolsVersion = 7.3;
					};
					22B422341D8B5A4300FDC2F9 = {
						CreatedOnToolsVersion = 7.3;
					};
				};
			};
			buildConfigurationList = 22A115021D43BBAE00B20CD1 /* Build configuration list for PBXProject "opencl-opengl-examples" */;
			compatibilityVersion = "Xcode 3.2";
			developmentRegion = English;
			hasScannedForEncodings = 0;
			knownRegions = (
				en,
			);
			mainGroup = 22A114FE1D43BBAE00B20CD1;
			productRefGroup = 22A1150C1D43BC8600B20CD1 /* Products */;
			projectDirPath = "";
			projectRoot = "";
			targets = (
				22A1150A1D43BC8600B20CD1 /* opencl-opengl-examples */,
				22B422341D8B5A4300FDC2F9 /* opencl-opengl-examplesCases */,
			);
		};
/* End PBXProject section */

/* Begin PBXSourcesBuildPhase section */
		22A115071D43BC8600B20CD1 /* Sources */ = {
			isa = PBXSourcesBuildPhase;
			buildActionMask = 2147483647;
			files = (
				22A1152C1D44F57C00B20CD1 /* Camera.cpp in Sources */,
				22A115291D44E39300B20CD1 /* Mesh.cpp in Sources */,
				22787A6E1D5BC34F004BE000 /* Utility.cpp in Sources */,
				22A1151D1D43C5A900B20CD1 /* Shader.cpp in Sources */,
				2201E2AC1D874D2100D1B364 /* ParticleMaterial.cpp in Sources */,
				22A1152F1D4527E000B20CD1 /* Object.cpp in Sources */,
				22066CB01D4BED49004004B6 /* Renderer.cpp in Sources */,
				22066CB31D4BEDB2004004B6 /* Viewport.cpp in Sources */,
				223AE47B1D6A5F520071002A /* ParticleScene.cpp in Sources */,
				2201E2A71D860BC100D1B364 /* Material.cpp in Sources */,
				22FE6D141D58EACE0094F3D9 /* Scene.cpp in Sources */,
				227393081D496DDA00A3932B /* ShaderReloader.cpp in Sources */,
				22A1150F1D43BC8600B20CD1 /* main.cpp in Sources */,
			);
			runOnlyForDeploymentPostprocessing = 0;
		};
		22B422311D8B5A4300FDC2F9 /* Sources */ = {
			isa = PBXSourcesBuildPhase;
			buildActionMask = 2147483647;
			files = (
				22B4224C1D8B681E00FDC2F9 /* testsMain.cpp in Sources */,
				22B4224D1D8B681E00FDC2F9 /* testsUtility.cpp in Sources */,
				22B422471D8B644300FDC2F9 /* Utility.cpp in Sources */,
			);
			runOnlyForDeploymentPostprocessing = 0;
		};
/* End PBXSourcesBuildPhase section */

/* Begin PBXTargetDependency section */
		22B4223D1D8B5A5000FDC2F9 /* PBXTargetDependency */ = {
			isa = PBXTargetDependency;
			target = 22B422341D8B5A4300FDC2F9 /* opencl-opengl-examplesCases */;
			targetProxy = 22B4223C1D8B5A5000FDC2F9 /* PBXContainerItemProxy */;
		};
/* End PBXTargetDependency section */

/* Begin XCBuildConfiguration section */
		22A115031D43BBAE00B20CD1 /* Debug */ = {
			isa = XCBuildConfiguration;
			buildSettings = {
			};
			name = Debug;
		};
		22A115041D43BBAE00B20CD1 /* Release */ = {
			isa = XCBuildConfiguration;
			buildSettings = {
			};
			name = Release;
		};
		22A115111D43BC8600B20CD1 /* Debug */ = {
			isa = XCBuildConfiguration;
			buildSettings = {
				ALWAYS_SEARCH_USER_PATHS = NO;
				ARCHS = "$(ARCHS_STANDARD)";
				CLANG_ANALYZER_NONNULL = YES;
				CLANG_CXX_LANGUAGE_STANDARD = "gnu++0x";
				CLANG_CXX_LIBRARY = "libc++";
				CLANG_ENABLE_MODULES = YES;
				CLANG_ENABLE_OBJC_ARC = YES;
				CLANG_WARN_BOOL_CONVERSION = YES;
				CLANG_WARN_CONSTANT_CONVERSION = YES;
				CLANG_WARN_DIRECT_OBJC_ISA_USAGE = YES_ERROR;
				CLANG_WARN_EMPTY_BODY = YES;
				CLANG_WARN_ENUM_CONVERSION = YES;
				CLANG_WARN_INT_CONVERSION = YES;
				CLANG_WARN_OBJC_ROOT_CLASS = YES_ERROR;
				CLANG_WARN_UNREACHABLE_CODE = YES;
				CLANG_WARN__DUPLICATE_METHOD_MATCH = YES;
				CODE_SIGN_IDENTITY = "-";
				COPY_PHASE_STRIP = NO;
				DEBUG_INFORMATION_FORMAT = dwarf;
				ENABLE_STRICT_OBJC_MSGSEND = YES;
				ENABLE_TESTABILITY = YES;
				GCC_C_LANGUAGE_STANDARD = gnu99;
				GCC_DYNAMIC_NO_PIC = NO;
				GCC_NO_COMMON_BLOCKS = YES;
				GCC_OPTIMIZATION_LEVEL = 0;
				GCC_PREPROCESSOR_DEFINITIONS = (
					"DEBUG=1",
					"$(inherited)",
				);
				GCC_WARN_64_TO_32_BIT_CONVERSION = YES;
				GCC_WARN_ABOUT_RETURN_TYPE = YES_ERROR;
				GCC_WARN_UNDECLARED_SELECTOR = YES;
				GCC_WARN_UNINITIALIZED_AUTOS = YES_AGGRESSIVE;
				GCC_WARN_UNUSED_FUNCTION = YES;
				GCC_WARN_UNUSED_VARIABLE = YES;
				HEADER_SEARCH_PATHS = (
					/usr/local/include,
					/usr/local/include/eigen3,
				);
				LIBRARY_SEARCH_PATHS = /usr/local/lib;
				MACOSX_DEPLOYMENT_TARGET = 10.11;
				MTL_ENABLE_DEBUG_INFO = YES;
				ONLY_ACTIVE_ARCH = YES;
				OTHER_LDFLAGS = (
					"-lglew",
					"-lboost_filesystem",
					"-lboost_system",
					"-lnanogui",
				);
				PRODUCT_NAME = "opencl-opengl-examples";
				SDKROOT = macosx;
			};
			name = Debug;
		};
		22A115121D43BC8600B20CD1 /* Release */ = {
			isa = XCBuildConfiguration;
			buildSettings = {
				ALWAYS_SEARCH_USER_PATHS = NO;
				ARCHS = "$(ARCHS_STANDARD)";
				CLANG_ANALYZER_NONNULL = YES;
				CLANG_CXX_LANGUAGE_STANDARD = "gnu++0x";
				CLANG_CXX_LIBRARY = "libc++";
				CLANG_ENABLE_MODULES = YES;
				CLANG_ENABLE_OBJC_ARC = YES;
				CLANG_WARN_BOOL_CONVERSION = YES;
				CLANG_WARN_CONSTANT_CONVERSION = YES;
				CLANG_WARN_DIRECT_OBJC_ISA_USAGE = YES_ERROR;
				CLANG_WARN_EMPTY_BODY = YES;
				CLANG_WARN_ENUM_CONVERSION = YES;
				CLANG_WARN_INT_CONVERSION = YES;
				CLANG_WARN_OBJC_ROOT_CLASS = YES_ERROR;
				CLANG_WARN_UNREACHABLE_CODE = YES;
				CLANG_WARN__DUPLICATE_METHOD_MATCH = YES;
				CODE_SIGN_IDENTITY = "-";
				COPY_PHASE_STRIP = NO;
				DEBUG_INFORMATION_FORMAT = "dwarf-with-dsym";
				ENABLE_NS_ASSERTIONS = NO;
				ENABLE_STRICT_OBJC_MSGSEND = YES;
				GCC_C_LANGUAGE_STANDARD = gnu99;
				GCC_NO_COMMON_BLOCKS = YES;
				GCC_WARN_64_TO_32_BIT_CONVERSION = YES;
				GCC_WARN_ABOUT_RETURN_TYPE = YES_ERROR;
				GCC_WARN_UNDECLARED_SELECTOR = YES;
				GCC_WARN_UNINITIALIZED_AUTOS = YES_AGGRESSIVE;
				GCC_WARN_UNUSED_FUNCTION = YES;
				GCC_WARN_UNUSED_VARIABLE = YES;
				HEADER_SEARCH_PATHS = (
					/usr/local/include,
					/usr/local/include/eigen3,
				);
				LIBRARY_SEARCH_PATHS = /usr/local/lib;
				MACOSX_DEPLOYMENT_TARGET = 10.11;
				MTL_ENABLE_DEBUG_INFO = NO;
				OTHER_LDFLAGS = (
					"-lglew",
					"-lboost_filesystem",
					"-lboost_system",
					"-lnanogui",
				);
				PRODUCT_NAME = "opencl-opengl-examples";
				SDKROOT = macosx;
			};
			name = Release;
		};
		22B4223A1D8B5A4300FDC2F9 /* Debug */ = {
			isa = XCBuildConfiguration;
			buildSettings = {
				ALWAYS_SEARCH_USER_PATHS = NO;
				CLANG_ANALYZER_NONNULL = YES;
				CLANG_CXX_LANGUAGE_STANDARD = "gnu++0x";
				CLANG_CXX_LIBRARY = "libc++";
				CLANG_ENABLE_MODULES = YES;
				CLANG_ENABLE_OBJC_ARC = YES;
				CLANG_WARN_BOOL_CONVERSION = YES;
				CLANG_WARN_CONSTANT_CONVERSION = YES;
				CLANG_WARN_DIRECT_OBJC_ISA_USAGE = YES_ERROR;
				CLANG_WARN_EMPTY_BODY = YES;
				CLANG_WARN_ENUM_CONVERSION = YES;
				CLANG_WARN_INT_CONVERSION = YES;
				CLANG_WARN_OBJC_ROOT_CLASS = YES_ERROR;
				CLANG_WARN_UNREACHABLE_CODE = YES;
				CLANG_WARN__DUPLICATE_METHOD_MATCH = YES;
				CODE_SIGN_IDENTITY = "-";
				COPY_PHASE_STRIP = NO;
				DEBUG_INFORMATION_FORMAT = dwarf;
				ENABLE_STRICT_OBJC_MSGSEND = YES;
				ENABLE_TESTABILITY = YES;
				GCC_C_LANGUAGE_STANDARD = gnu99;
				GCC_DYNAMIC_NO_PIC = NO;
				GCC_NO_COMMON_BLOCKS = YES;
				GCC_OPTIMIZATION_LEVEL = 0;
				GCC_PREPROCESSOR_DEFINITIONS = (
					"DEBUG=1",
					"$(inherited)",
				);
				GCC_WARN_64_TO_32_BIT_CONVERSION = YES;
				GCC_WARN_ABOUT_RETURN_TYPE = YES_ERROR;
				GCC_WARN_UNDECLARED_SELECTOR = YES;
				GCC_WARN_UNINITIALIZED_AUTOS = YES_AGGRESSIVE;
				GCC_WARN_UNUSED_FUNCTION = YES;
				GCC_WARN_UNUSED_VARIABLE = YES;
				MACOSX_DEPLOYMENT_TARGET = 10.11;
				MTL_ENABLE_DEBUG_INFO = YES;
				ONLY_ACTIVE_ARCH = YES;
				PRODUCT_NAME = "opencl-opengl-examples";
				SDKROOT = macosx;
			};
			name = Debug;
		};
		22B4223B1D8B5A4300FDC2F9 /* Release */ = {
			isa = XCBuildConfiguration;
			buildSettings = {
				ALWAYS_SEARCH_USER_PATHS = NO;
				CLANG_ANALYZER_NONNULL = YES;
				CLANG_CXX_LANGUAGE_STANDARD = "gnu++0x";
				CLANG_CXX_LIBRARY = "libc++";
				CLANG_ENABLE_MODULES = YES;
				CLANG_ENABLE_OBJC_ARC = YES;
				CLANG_WARN_BOOL_CONVERSION = YES;
				CLANG_WARN_CONSTANT_CONVERSION = YES;
				CLANG_WARN_DIRECT_OBJC_ISA_USAGE = YES_ERROR;
				CLANG_WARN_EMPTY_BODY = YES;
				CLANG_WARN_ENUM_CONVERSION = YES;
				CLANG_WARN_INT_CONVERSION = YES;
				CLANG_WARN_OBJC_ROOT_CLASS = YES_ERROR;
				CLANG_WARN_UNREACHABLE_CODE = YES;
				CLANG_WARN__DUPLICATE_METHOD_MATCH = YES;
				CODE_SIGN_IDENTITY = "-";
				COPY_PHASE_STRIP = NO;
				DEBUG_INFORMATION_FORMAT = "dwarf-with-dsym";
				ENABLE_NS_ASSERTIONS = NO;
				ENABLE_STRICT_OBJC_MSGSEND = YES;
				GCC_C_LANGUAGE_STANDARD = gnu99;
				GCC_NO_COMMON_BLOCKS = YES;
				GCC_WARN_64_TO_32_BIT_CONVERSION = YES;
				GCC_WARN_ABOUT_RETURN_TYPE = YES_ERROR;
				GCC_WARN_UNDECLARED_SELECTOR = YES;
				GCC_WARN_UNINITIALIZED_AUTOS = YES_AGGRESSIVE;
				GCC_WARN_UNUSED_FUNCTION = YES;
				GCC_WARN_UNUSED_VARIABLE = YES;
				MACOSX_DEPLOYMENT_TARGET = 10.11;
				MTL_ENABLE_DEBUG_INFO = NO;
				PRODUCT_NAME = "opencl-opengl-examples";
				SDKROOT = macosx;
			};
			name = Release;
		};
/* End XCBuildConfiguration section */

/* Begin XCConfigurationList section */
		22A115021D43BBAE00B20CD1 /* Build configuration list for PBXProject "opencl-opengl-examples" */ = {
			isa = XCConfigurationList;
			buildConfigurations = (
				22A115031D43BBAE00B20CD1 /* Debug */,
				22A115041D43BBAE00B20CD1 /* Release */,
			);
			defaultConfigurationIsVisible = 0;
			defaultConfigurationName = Release;
		};
		22A115101D43BC8600B20CD1 /* Build configuration list for PBXNativeTarget "opencl-opengl-examples" */ = {
			isa = XCConfigurationList;
			buildConfigurations = (
				22A115111D43BC8600B20CD1 /* Debug */,
				22A115121D43BC8600B20CD1 /* Release */,
			);
			defaultConfigurationIsVisible = 0;
			defaultConfigurationName = Release;
		};
		22B422391D8B5A4300FDC2F9 /* Build configuration list for PBXNativeTarget "opencl-opengl-examplesCases" */ = {
			isa = XCConfigurationList;
			buildConfigurations = (
				22B4223A1D8B5A4300FDC2F9 /* Debug */,
				22B4223B1D8B5A4300FDC2F9 /* Release */,
			);
			defaultConfigurationIsVisible = 0;
			defaultConfigurationName = Release;
		};
/* End XCConfigurationList section */
	};
	rootObject = 22A114FF1D43BBAE00B20CD1 /* Project object */;
}
